// !$*UTF8*$!
{
	archiveVersion = 1;
	classes = {
	};
	objectVersion = 77;
	objects = {

/* Begin PBXContainerItemProxy section */
		2B1AE9952DF18C2000F38518 /* PBXContainerItemProxy */ = {
			isa = PBXContainerItemProxy;
			containerPortal = 2B1AE97F2DF18C1F00F38518 /* Project object */;
			proxyType = 1;
			remoteGlobalIDString = 2B1AE9862DF18C1F00F38518;
			remoteInfo = "campus navigator";
		};
		2B1AE99F2DF18C2000F38518 /* PBXContainerItemProxy */ = {
			isa = PBXContainerItemProxy;
			containerPortal = 2B1AE97F2DF18C1F00F38518 /* Project object */;
			proxyType = 1;
			remoteGlobalIDString = 2B1AE9862DF18C1F00F38518;
			remoteInfo = "campus navigator";
		};
/* End PBXContainerItemProxy section */

/* Begin PBXFileReference section */
		2B1AE9872DF18C1F00F38518 /* campus navigator.app */ = {isa = PBXFileReference; explicitFileType = wrapper.application; includeInIndex = 0; path = "campus navigator.app"; sourceTree = BUILT_PRODUCTS_DIR; };
		2B1AE9942DF18C2000F38518 /* campus navigatorTests.xctest */ = {isa = PBXFileReference; explicitFileType = wrapper.cfbundle; includeInIndex = 0; path = "campus navigatorTests.xctest"; sourceTree = BUILT_PRODUCTS_DIR; };
		2B1AE99E2DF18C2000F38518 /* campus navigatorUITests.xctest */ = {isa = PBXFileReference; explicitFileType = wrapper.cfbundle; includeInIndex = 0; path = "campus navigatorUITests.xctest"; sourceTree = BUILT_PRODUCTS_DIR; };
/* End PBXFileReference section */

/* Begin PBXFileSystemSynchronizedRootGroup section */
		2B1AE9892DF18C1F00F38518 /* campus navigator */ = {
			isa = PBXFileSystemSynchronizedRootGroup;
			path = "campus navigator";
			sourceTree = "<group>";
		};
		2B1AE9972DF18C2000F38518 /* campus navigatorTests */ = {
			isa = PBXFileSystemSynchronizedRootGroup;
			path = "campus navigatorTests";
			sourceTree = "<group>";
		};
		2B1AE9A12DF18C2000F38518 /* campus navigatorUITests */ = {
			isa = PBXFileSystemSynchronizedRootGroup;
			path = "campus navigatorUITests";
			sourceTree = "<group>";
		};
/* End PBXFileSystemSynchronizedRootGroup section */

/* Begin PBXFrameworksBuildPhase section */
		2B1AE9842DF18C1F00F38518 /* Frameworks */ = {
			isa = PBXFrameworksBuildPhase;
			buildActionMask = 2147483647;
			files = (
			);
			runOnlyForDeploymentPostprocessing = 0;
		};
		2B1AE9912DF18C2000F38518 /* Frameworks */ = {
			isa = PBXFrameworksBuildPhase;
			buildActionMask = 2147483647;
			files = (
			);
			runOnlyForDeploymentPostprocessing = 0;
		};
		2B1AE99B2DF18C2000F38518 /* Frameworks */ = {
			isa = PBXFrameworksBuildPhase;
			buildActionMask = 2147483647;
			files = (
			);
			runOnlyForDeploymentPostprocessing = 0;
		};
/* End PBXFrameworksBuildPhase section */

/* Begin PBXGroup section */
		2B1AE97E2DF18C1F00F38518 = {
			isa = PBXGroup;
			children = (
				2B1AE9892DF18C1F00F38518 /* campus navigator */,
				2B1AE9972DF18C2000F38518 /* campus navigatorTests */,
				2B1AE9A12DF18C2000F38518 /* campus navigatorUITests */,
				2B1AE9882DF18C1F00F38518 /* Products */,
			);
			sourceTree = "<group>";
		};
		2B1AE9882DF18C1F00F38518 /* Products */ = {
			isa = PBXGroup;
			children = (
				2B1AE9872DF18C1F00F38518 /* campus navigator.app */,
				2B1AE9942DF18C2000F38518 /* campus navigatorTests.xctest */,
				2B1AE99E2DF18C2000F38518 /* campus navigatorUITests.xctest */,
			);
			name = Products;
			sourceTree = "<group>";
		};
/* End PBXGroup section */

/* Begin PBXNativeTarget section */
		2B1AE9862DF18C1F00F38518 /* campus navigator */ = {
			isa = PBXNativeTarget;
			buildConfigurationList = 2B1AE9A82DF18C2000F38518 /* Build configuration list for PBXNativeTarget "campus navigator" */;
			buildPhases = (
				2B1AE9832DF18C1F00F38518 /* Sources */,
				2B1AE9842DF18C1F00F38518 /* Frameworks */,
				2B1AE9852DF18C1F00F38518 /* Resources */,
			);
			buildRules = (
			);
			dependencies = (
			);
			fileSystemSynchronizedGroups = (
				2B1AE9892DF18C1F00F38518 /* campus navigator */,
			);
			name = "campus navigator";
			packageProductDependencies = (
			);
			productName = "campus navigator";
			productReference = 2B1AE9872DF18C1F00F38518 /* campus navigator.app */;
			productType = "com.apple.product-type.application";
		};
		2B1AE9932DF18C2000F38518 /* campus navigatorTests */ = {
			isa = PBXNativeTarget;
			buildConfigurationList = 2B1AE9AB2DF18C2000F38518 /* Build configuration list for PBXNativeTarget "campus navigatorTests" */;
			buildPhases = (
				2B1AE9902DF18C2000F38518 /* Sources */,
				2B1AE9912DF18C2000F38518 /* Frameworks */,
				2B1AE9922DF18C2000F38518 /* Resources */,
			);
			buildRules = (
			);
			dependencies = (
				2B1AE9962DF18C2000F38518 /* PBXTargetDependency */,
			);
			fileSystemSynchronizedGroups = (
				2B1AE9972DF18C2000F38518 /* campus navigatorTests */,
			);
			name = "campus navigatorTests";
			packageProductDependencies = (
			);
			productName = "campus navigatorTests";
			productReference = 2B1AE9942DF18C2000F38518 /* campus navigatorTests.xctest */;
			productType = "com.apple.product-type.bundle.unit-test";
		};
		2B1AE99D2DF18C2000F38518 /* campus navigatorUITests */ = {
			isa = PBXNativeTarget;
			buildConfigurationList = 2B1AE9AE2DF18C2000F38518 /* Build configuration list for PBXNativeTarget "campus navigatorUITests" */;
			buildPhases = (
				2B1AE99A2DF18C2000F38518 /* Sources */,
				2B1AE99B2DF18C2000F38518 /* Frameworks */,
				2B1AE99C2DF18C2000F38518 /* Resources */,
			);
			buildRules = (
			);
			dependencies = (
				2B1AE9A02DF18C2000F38518 /* PBXTargetDependency */,
			);
			fileSystemSynchronizedGroups = (
				2B1AE9A12DF18C2000F38518 /* campus navigatorUITests */,
			);
			name = "campus navigatorUITests";
			packageProductDependencies = (
			);
			productName = "campus navigatorUITests";
			productReference = 2B1AE99E2DF18C2000F38518 /* campus navigatorUITests.xctest */;
			productType = "com.apple.product-type.bundle.ui-testing";
		};
/* End PBXNativeTarget section */

/* Begin PBXProject section */
		2B1AE97F2DF18C1F00F38518 /* Project object */ = {
			isa = PBXProject;
			attributes = {
				BuildIndependentTargetsInParallel = 1;
				LastSwiftUpdateCheck = 1630;
				LastUpgradeCheck = 1630;
				TargetAttributes = {
					2B1AE9862DF18C1F00F38518 = {
						CreatedOnToolsVersion = 16.3;
					};
					2B1AE9932DF18C2000F38518 = {
						CreatedOnToolsVersion = 16.3;
						TestTargetID = 2B1AE9862DF18C1F00F38518;
					};
					2B1AE99D2DF18C2000F38518 = {
						CreatedOnToolsVersion = 16.3;
						TestTargetID = 2B1AE9862DF18C1F00F38518;
					};
				};
			};
			buildConfigurationList = 2B1AE9822DF18C1F00F38518 /* Build configuration list for PBXProject "campus navigator" */;
			developmentRegion = en;
			hasScannedForEncodings = 0;
			knownRegions = (
				en,
				Base,
			);
			mainGroup = 2B1AE97E2DF18C1F00F38518;
			minimizedProjectReferenceProxies = 1;
			preferredProjectObjectVersion = 77;
			productRefGroup = 2B1AE9882DF18C1F00F38518 /* Products */;
			projectDirPath = "";
			projectRoot = "";
			targets = (
				2B1AE9862DF18C1F00F38518 /* campus navigator */,
				2B1AE9932DF18C2000F38518 /* campus navigatorTests */,
				2B1AE99D2DF18C2000F38518 /* campus navigatorUITests */,
			);
		};
/* End PBXProject section */

/* Begin PBXResourcesBuildPhase section */
		2B1AE9852DF18C1F00F38518 /* Resources */ = {
			isa = PBXResourcesBuildPhase;
			buildActionMask = 2147483647;
			files = (
			);
			runOnlyForDeploymentPostprocessing = 0;
		};
		2B1AE9922DF18C2000F38518 /* Resources */ = {
			isa = PBXResourcesBuildPhase;
			buildActionMask = 2147483647;
			files = (
			);
			runOnlyForDeploymentPostprocessing = 0;
		};
		2B1AE99C2DF18C2000F38518 /* Resources */ = {
			isa = PBXResourcesBuildPhase;
			buildActionMask = 2147483647;
			files = (
			);
			runOnlyForDeploymentPostprocessing = 0;
		};
/* End PBXResourcesBuildPhase section */

/* Begin PBXSourcesBuildPhase section */
		2B1AE9832DF18C1F00F38518 /* Sources */ = {
			isa = PBXSourcesBuildPhase;
			buildActionMask = 2147483647;
			files = (
			);
			runOnlyForDeploymentPostprocessing = 0;
		};
		2B1AE9902DF18C2000F38518 /* Sources */ = {
			isa = PBXSourcesBuildPhase;
			buildActionMask = 2147483647;
			files = (
			);
			runOnlyForDeploymentPostprocessing = 0;
		};
		2B1AE99A2DF18C2000F38518 /* Sources */ = {
			isa = PBXSourcesBuildPhase;
			buildActionMask = 2147483647;
			files = (
			);
			runOnlyForDeploymentPostprocessing = 0;
		};
/* End PBXSourcesBuildPhase section */

/* Begin PBXTargetDependency section */
		2B1AE9962DF18C2000F38518 /* PBXTargetDependency */ = {
			isa = PBXTargetDependency;
			target = 2B1AE9862DF18C1F00F38518 /* campus navigator */;
			targetProxy = 2B1AE9952DF18C2000F38518 /* PBXContainerItemProxy */;
		};
		2B1AE9A02DF18C2000F38518 /* PBXTargetDependency */ = {
			isa = PBXTargetDependency;
			target = 2B1AE9862DF18C1F00F38518 /* campus navigator */;
			targetProxy = 2B1AE99F2DF18C2000F38518 /* PBXContainerItemProxy */;
		};
/* End PBXTargetDependency section */

/* Begin XCBuildConfiguration section */
		2B1AE9A62DF18C2000F38518 /* Debug */ = {
			isa = XCBuildConfiguration;
			buildSettings = {
				ALWAYS_SEARCH_USER_PATHS = NO;
				ASSETCATALOG_COMPILER_GENERATE_SWIFT_ASSET_SYMBOL_EXTENSIONS = YES;
				CLANG_ANALYZER_NONNULL = YES;
				CLANG_ANALYZER_NUMBER_OBJECT_CONVERSION = YES_AGGRESSIVE;
				CLANG_CXX_LANGUAGE_STANDARD = "gnu++20";
				CLANG_ENABLE_MODULES = YES;
				CLANG_ENABLE_OBJC_ARC = YES;
				CLANG_ENABLE_OBJC_WEAK = YES;
				CLANG_WARN_BLOCK_CAPTURE_AUTORELEASING = YES;
				CLANG_WARN_BOOL_CONVERSION = YES;
				CLANG_WARN_COMMA = YES;
				CLANG_WARN_CONSTANT_CONVERSION = YES;
				CLANG_WARN_DEPRECATED_OBJC_IMPLEMENTATIONS = YES;
				CLANG_WARN_DIRECT_OBJC_ISA_USAGE = YES_ERROR;
				CLANG_WARN_DOCUMENTATION_COMMENTS = YES;
				CLANG_WARN_EMPTY_BODY = YES;
				CLANG_WARN_ENUM_CONVERSION = YES;
				CLANG_WARN_INFINITE_RECURSION = YES;
				CLANG_WARN_INT_CONVERSION = YES;
				CLANG_WARN_NON_LITERAL_NULL_CONVERSION = YES;
				CLANG_WARN_OBJC_IMPLICIT_RETAIN_SELF = YES;
				CLANG_WARN_OBJC_LITERAL_CONVERSION = YES;
				CLANG_WARN_OBJC_ROOT_CLASS = YES_ERROR;
				CLANG_WARN_QUOTED_INCLUDE_IN_FRAMEWORK_HEADER = YES;
				CLANG_WARN_RANGE_LOOP_ANALYSIS = YES;
				CLANG_WARN_STRICT_PROTOTYPES = YES;
				CLANG_WARN_SUSPICIOUS_MOVE = YES;
				CLANG_WARN_UNGUARDED_AVAILABILITY = YES_AGGRESSIVE;
				CLANG_WARN_UNREACHABLE_CODE = YES;
				CLANG_WARN__DUPLICATE_METHOD_MATCH = YES;
				COPY_PHASE_STRIP = NO;
				DEBUG_INFORMATION_FORMAT = dwarf;
				ENABLE_STRICT_OBJC_MSGSEND = YES;
				ENABLE_TESTABILITY = YES;
				ENABLE_USER_SCRIPT_SANDBOXING = YES;
				GCC_C_LANGUAGE_STANDARD = gnu17;
				GCC_DYNAMIC_NO_PIC = NO;
				GCC_NO_COMMON_BLOCKS = YES;
				GCC_OPTIMIZATION_LEVEL = 0;
				GCC_PREPROCESSOR_DEFINITIONS = (
					"DEBUG=1",
					"$(inherited)",
				);
				GCC_WARN_64_TO_32_BIT_CONVERSION = YES;
				GCC_WARN_ABOUT_RETURN_TYPE = YES_ERROR;
				GCC_WARN_UNDECLARED_SELECTOR = YES;
				GCC_WARN_UNINITIALIZED_AUTOS = YES_AGGRESSIVE;
				GCC_WARN_UNUSED_FUNCTION = YES;
				GCC_WARN_UNUSED_VARIABLE = YES;
				IPHONEOS_DEPLOYMENT_TARGET = 18.4;
				LOCALIZATION_PREFERS_STRING_CATALOGS = YES;
				MTL_ENABLE_DEBUG_INFO = INCLUDE_SOURCE;
				MTL_FAST_MATH = YES;
				ONLY_ACTIVE_ARCH = YES;
				SDKROOT = iphoneos;
				SWIFT_ACTIVE_COMPILATION_CONDITIONS = "DEBUG $(inherited)";
				SWIFT_OPTIMIZATION_LEVEL = "-Onone";
			};
			name = Debug;
		};
		2B1AE9A72DF18C2000F38518 /* Release */ = {
			isa = XCBuildConfiguration;
			buildSettings = {
				ALWAYS_SEARCH_USER_PATHS = NO;
				ASSETCATALOG_COMPILER_GENERATE_SWIFT_ASSET_SYMBOL_EXTENSIONS = YES;
				CLANG_ANALYZER_NONNULL = YES;
				CLANG_ANALYZER_NUMBER_OBJECT_CONVERSION = YES_AGGRESSIVE;
				CLANG_CXX_LANGUAGE_STANDARD = "gnu++20";
				CLANG_ENABLE_MODULES = YES;
				CLANG_ENABLE_OBJC_ARC = YES;
				CLANG_ENABLE_OBJC_WEAK = YES;
				CLANG_WARN_BLOCK_CAPTURE_AUTORELEASING = YES;
				CLANG_WARN_BOOL_CONVERSION = YES;
				CLANG_WARN_COMMA = YES;
				CLANG_WARN_CONSTANT_CONVERSION = YES;
				CLANG_WARN_DEPRECATED_OBJC_IMPLEMENTATIONS = YES;
				CLANG_WARN_DIRECT_OBJC_ISA_USAGE = YES_ERROR;
				CLANG_WARN_DOCUMENTATION_COMMENTS = YES;
				CLANG_WARN_EMPTY_BODY = YES;
				CLANG_WARN_ENUM_CONVERSION = YES;
				CLANG_WARN_INFINITE_RECURSION = YES;
				CLANG_WARN_INT_CONVERSION = YES;
				CLANG_WARN_NON_LITERAL_NULL_CONVERSION = YES;
				CLANG_WARN_OBJC_IMPLICIT_RETAIN_SELF = YES;
				CLANG_WARN_OBJC_LITERAL_CONVERSION = YES;
				CLANG_WARN_OBJC_ROOT_CLASS = YES_ERROR;
				CLANG_WARN_QUOTED_INCLUDE_IN_FRAMEWORK_HEADER = YES;
				CLANG_WARN_RANGE_LOOP_ANALYSIS = YES;
				CLANG_WARN_STRICT_PROTOTYPES = YES;
				CLANG_WARN_SUSPICIOUS_MOVE = YES;
				CLANG_WARN_UNGUARDED_AVAILABILITY = YES_AGGRESSIVE;
				CLANG_WARN_UNREACHABLE_CODE = YES;
				CLANG_WARN__DUPLICATE_METHOD_MATCH = YES;
				COPY_PHASE_STRIP = NO;
				DEBUG_INFORMATION_FORMAT = "dwarf-with-dsym";
				ENABLE_NS_ASSERTIONS = NO;
				ENABLE_STRICT_OBJC_MSGSEND = YES;
				ENABLE_USER_SCRIPT_SANDBOXING = YES;
				GCC_C_LANGUAGE_STANDARD = gnu17;
				GCC_NO_COMMON_BLOCKS = YES;
				GCC_WARN_64_TO_32_BIT_CONVERSION = YES;
				GCC_WARN_ABOUT_RETURN_TYPE = YES_ERROR;
				GCC_WARN_UNDECLARED_SELECTOR = YES;
				GCC_WARN_UNINITIALIZED_AUTOS = YES_AGGRESSIVE;
				GCC_WARN_UNUSED_FUNCTION = YES;
				GCC_WARN_UNUSED_VARIABLE = YES;
				IPHONEOS_DEPLOYMENT_TARGET = 18.4;
				LOCALIZATION_PREFERS_STRING_CATALOGS = YES;
				MTL_ENABLE_DEBUG_INFO = NO;
				MTL_FAST_MATH = YES;
				SDKROOT = iphoneos;
				SWIFT_COMPILATION_MODE = wholemodule;
				VALIDATE_PRODUCT = YES;
			};
			name = Release;
		};
		2B1AE9A92DF18C2000F38518 /* Debug */ = {
			isa = XCBuildConfiguration;
			buildSettings = {
				ASSETCATALOG_COMPILER_APPICON_NAME = AppIcon;
				ASSETCATALOG_COMPILER_GLOBAL_ACCENT_COLOR_NAME = AccentColor;
				CODE_SIGN_STYLE = Automatic;
				CURRENT_PROJECT_VERSION = 1;
				ENABLE_PREVIEWS = YES;
				GENERATE_INFOPLIST_FILE = YES;
				INFOPLIST_KEY_UIApplicationSceneManifest_Generation = YES;
				INFOPLIST_KEY_UIApplicationSupportsIndirectInputEvents = YES;
				INFOPLIST_KEY_UILaunchScreen_Generation = YES;
				INFOPLIST_KEY_UISupportedInterfaceOrientations_iPad = "UIInterfaceOrientationPortrait UIInterfaceOrientationPortraitUpsideDown UIInterfaceOrientationLandscapeLeft UIInterfaceOrientationLandscapeRight";
				INFOPLIST_KEY_UISupportedInterfaceOrientations_iPhone = "UIInterfaceOrientationPortrait UIInterfaceOrientationLandscapeLeft UIInterfaceOrientationLandscapeRight";
				LD_RUNPATH_SEARCH_PATHS = (
					"$(inherited)",
					"@executable_path/Frameworks",
				);
				MARKETING_VERSION = 1.0;
				PRODUCT_BUNDLE_IDENTIFIER = "NIBM.campus-navigator";
				PRODUCT_NAME = "$(TARGET_NAME)";
				SWIFT_EMIT_LOC_STRINGS = YES;
				SWIFT_VERSION = 5.0;
				TARGETED_DEVICE_FAMILY = "1,2";
			};
			name = Debug;
		};
		2B1AE9AA2DF18C2000F38518 /* Release */ = {
			isa = XCBuildConfiguration;
			buildSettings = {
				ASSETCATALOG_COMPILER_APPICON_NAME = AppIcon;
				ASSETCATALOG_COMPILER_GLOBAL_ACCENT_COLOR_NAME = AccentColor;
				CODE_SIGN_STYLE = Automatic;
				CURRENT_PROJECT_VERSION = 1;
				ENABLE_PREVIEWS = YES;
				GENERATE_INFOPLIST_FILE = YES;
				INFOPLIST_KEY_UIApplicationSceneManifest_Generation = YES;
				INFOPLIST_KEY_UIApplicationSupportsIndirectInputEvents = YES;
				INFOPLIST_KEY_UILaunchScreen_Generation = YES;
				INFOPLIST_KEY_UISupportedInterfaceOrientations_iPad = "UIInterfaceOrientationPortrait UIInterfaceOrientationPortraitUpsideDown UIInterfaceOrientationLandscapeLeft UIInterfaceOrientationLandscapeRight";
				INFOPLIST_KEY_UISupportedInterfaceOrientations_iPhone = "UIInterfaceOrientationPortrait UIInterfaceOrientationLandscapeLeft UIInterfaceOrientationLandscapeRight";
				LD_RUNPATH_SEARCH_PATHS = (
					"$(inherited)",
					"@executable_path/Frameworks",
				);
				MARKETING_VERSION = 1.0;
				PRODUCT_BUNDLE_IDENTIFIER = "NIBM.campus-navigator";
				PRODUCT_NAME = "$(TARGET_NAME)";
				SWIFT_EMIT_LOC_STRINGS = YES;
				SWIFT_VERSION = 5.0;
				TARGETED_DEVICE_FAMILY = "1,2";
			};
			name = Release;
		};
		2B1AE9AC2DF18C2000F38518 /* Debug */ = {
			isa = XCBuildConfiguration;
			buildSettings = {
				BUNDLE_LOADER = "$(TEST_HOST)";
				CODE_SIGN_STYLE = Automatic;
				CURRENT_PROJECT_VERSION = 1;
				GENERATE_INFOPLIST_FILE = YES;
				IPHONEOS_DEPLOYMENT_TARGET = 18.4;
				MARKETING_VERSION = 1.0;
				PRODUCT_BUNDLE_IDENTIFIER = "NIBM.campus-navigatorTests";
				PRODUCT_NAME = "$(TARGET_NAME)";
				SWIFT_EMIT_LOC_STRINGS = NO;
				SWIFT_VERSION = 5.0;
				TARGETED_DEVICE_FAMILY = "1,2";
				TEST_HOST = "$(BUILT_PRODUCTS_DIR)/campus navigator.app/$(BUNDLE_EXECUTABLE_FOLDER_PATH)/campus navigator";
			};
			name = Debug;
		};
		2B1AE9AD2DF18C2000F38518 /* Release */ = {
			isa = XCBuildConfiguration;
			buildSettings = {
				BUNDLE_LOADER = "$(TEST_HOST)";
				CODE_SIGN_STYLE = Automatic;
				CURRENT_PROJECT_VERSION = 1;
				GENERATE_INFOPLIST_FILE = YES;
				IPHONEOS_DEPLOYMENT_TARGET = 18.4;
				MARKETING_VERSION = 1.0;
				PRODUCT_BUNDLE_IDENTIFIER = "NIBM.campus-navigatorTests";
				PRODUCT_NAME = "$(TARGET_NAME)";
				SWIFT_EMIT_LOC_STRINGS = NO;
				SWIFT_VERSION = 5.0;
				TARGETED_DEVICE_FAMILY = "1,2";
				TEST_HOST = "$(BUILT_PRODUCTS_DIR)/campus navigator.app/$(BUNDLE_EXECUTABLE_FOLDER_PATH)/campus navigator";
			};
			name = Release;
		};
		2B1AE9AF2DF18C2000F38518 /* Debug */ = {
			isa = XCBuildConfiguration;
			buildSettings = {
				CODE_SIGN_STYLE = Automatic;
				CURRENT_PROJECT_VERSION = 1;
				GENERATE_INFOPLIST_FILE = YES;
				MARKETING_VERSION = 1.0;
				PRODUCT_BUNDLE_IDENTIFIER = "NIBM.campus-navigatorUITests";
				PRODUCT_NAME = "$(TARGET_NAME)";
				SWIFT_EMIT_LOC_STRINGS = NO;
				SWIFT_VERSION = 5.0;
				TARGETED_DEVICE_FAMILY = "1,2";
				TEST_TARGET_NAME = "campus navigator";
			};
			name = Debug;
		};
		2B1AE9B02DF18C2000F38518 /* Release */ = {
			isa = XCBuildConfiguration;
			buildSettings = {
				CODE_SIGN_STYLE = Automatic;
				CURRENT_PROJECT_VERSION = 1;
				GENERATE_INFOPLIST_FILE = YES;
				MARKETING_VERSION = 1.0;
				PRODUCT_BUNDLE_IDENTIFIER = "NIBM.campus-navigatorUITests";
				PRODUCT_NAME = "$(TARGET_NAME)";
				SWIFT_EMIT_LOC_STRINGS = NO;
				SWIFT_VERSION = 5.0;
				TARGETED_DEVICE_FAMILY = "1,2";
				TEST_TARGET_NAME = "campus navigator";
			};
			name = Release;
		};
/* End XCBuildConfiguration section */

/* Begin XCConfigurationList section */
		2B1AE9822DF18C1F00F38518 /* Build configuration list for PBXProject "campus navigator" */ = {
			isa = XCConfigurationList;
			buildConfigurations = (
				2B1AE9A62DF18C2000F38518 /* Debug */,
				2B1AE9A72DF18C2000F38518 /* Release */,
			);
			defaultConfigurationIsVisible = 0;
			defaultConfigurationName = Release;
		};
		2B1AE9A82DF18C2000F38518 /* Build configuration list for PBXNativeTarget "campus navigator" */ = {
			isa = XCConfigurationList;
			buildConfigurations = (
				2B1AE9A92DF18C2000F38518 /* Debug */,
				2B1AE9AA2DF18C2000F38518 /* Release */,
			);
			defaultConfigurationIsVisible = 0;
			defaultConfigurationName = Release;
		};
		2B1AE9AB2DF18C2000F38518 /* Build configuration list for PBXNativeTarget "campus navigatorTests" */ = {
			isa = XCConfigurationList;
			buildConfigurations = (
				2B1AE9AC2DF18C2000F38518 /* Debug */,
				2B1AE9AD2DF18C2000F38518 /* Release */,
			);
			defaultConfigurationIsVisible = 0;
			defaultConfigurationName = Release;
		};
		2B1AE9AE2DF18C2000F38518 /* Build configuration list for PBXNativeTarget "campus navigatorUITests" */ = {
			isa = XCConfigurationList;
			buildConfigurations = (
				2B1AE9AF2DF18C2000F38518 /* Debug */,
				2B1AE9B02DF18C2000F38518 /* Release */,
			);
			defaultConfigurationIsVisible = 0;
			defaultConfigurationName = Release;
		};
/* End XCConfigurationList section */
	};
	rootObject = 2B1AE97F2DF18C1F00F38518 /* Project object */;
}
